// !$*UTF8*$!
{
	archiveVersion = 1;
	classes = {
	};
	objectVersion = 56;
	objects = {

/* Begin PBXBuildFile section */
		BA12E5E62CB7FF7C009DE0DA /* SecondClassmateViewController.swift in Sources */ = {isa = PBXBuildFile; fileRef = BA12E5E52CB7FF7C009DE0DA /* SecondClassmateViewController.swift */; };
		BA12E5E82CB80026009DE0DA /* CrazyCell3.swift in Sources */ = {isa = PBXBuildFile; fileRef = BA12E5E72CB80026009DE0DA /* CrazyCell3.swift */; };
		BA6E53A72CAD7303003CAC42 /* AppDelegate.swift in Sources */ = {isa = PBXBuildFile; fileRef = BA6E53A62CAD7303003CAC42 /* AppDelegate.swift */; };
		BA6E53A92CAD7303003CAC42 /* SceneDelegate.swift in Sources */ = {isa = PBXBuildFile; fileRef = BA6E53A82CAD7303003CAC42 /* SceneDelegate.swift */; };
		BA6E53AB2CAD7303003CAC42 /* ViewController.swift in Sources */ = {isa = PBXBuildFile; fileRef = BA6E53AA2CAD7303003CAC42 /* ViewController.swift */; };
		BA6E53AE2CAD7303003CAC42 /* Base in Resources */ = {isa = PBXBuildFile; fileRef = BA6E53AD2CAD7303003CAC42 /* Base */; };
		BA6E53B12CAD7303003CAC42 /* GoughClassmateFun.xcdatamodeld in Sources */ = {isa = PBXBuildFile; fileRef = BA6E53AF2CAD7303003CAC42 /* GoughClassmateFun.xcdatamodeld */; };
		BA6E53B32CAD7305003CAC42 /* Assets.xcassets in Resources */ = {isa = PBXBuildFile; fileRef = BA6E53B22CAD7305003CAC42 /* Assets.xcassets */; };
		BA6E53B62CAD7305003CAC42 /* Base in Resources */ = {isa = PBXBuildFile; fileRef = BA6E53B52CAD7305003CAC42 /* Base */; };
		BA6E53BE2CAD7359003CAC42 /* Classmate.swift in Sources */ = {isa = PBXBuildFile; fileRef = BA6E53BD2CAD7359003CAC42 /* Classmate.swift */; };
		BAB3BCCD2CB016870070696B /* SecondViewController.swift in Sources */ = {isa = PBXBuildFile; fileRef = BAB3BCCC2CB016870070696B /* SecondViewController.swift */; };
		BACA024A2CB95452004823C0 /* ThirdViewController.swift in Sources */ = {isa = PBXBuildFile; fileRef = BACA02492CB95452004823C0 /* ThirdViewController.swift */; };
/* End PBXBuildFile section */

/* Begin PBXFileReference section */
		BA12E5E52CB7FF7C009DE0DA /* SecondClassmateViewController.swift */ = {isa = PBXFileReference; lastKnownFileType = sourcecode.swift; path = SecondClassmateViewController.swift; sourceTree = "<group>"; };
		BA12E5E72CB80026009DE0DA /* CrazyCell3.swift */ = {isa = PBXFileReference; lastKnownFileType = sourcecode.swift; path = CrazyCell3.swift; sourceTree = "<group>"; };
		BA6E53A32CAD7303003CAC42 /* GoughClassmateFun.app */ = {isa = PBXFileReference; explicitFileType = wrapper.application; includeInIndex = 0; path = GoughClassmateFun.app; sourceTree = BUILT_PRODUCTS_DIR; };
		BA6E53A62CAD7303003CAC42 /* AppDelegate.swift */ = {isa = PBXFileReference; lastKnownFileType = sourcecode.swift; path = AppDelegate.swift; sourceTree = "<group>"; };
		BA6E53A82CAD7303003CAC42 /* SceneDelegate.swift */ = {isa = PBXFileReference; lastKnownFileType = sourcecode.swift; path = SceneDelegate.swift; sourceTree = "<group>"; };
		BA6E53AA2CAD7303003CAC42 /* ViewController.swift */ = {isa = PBXFileReference; lastKnownFileType = sourcecode.swift; path = ViewController.swift; sourceTree = "<group>"; };
		BA6E53AD2CAD7303003CAC42 /* Base */ = {isa = PBXFileReference; lastKnownFileType = file.storyboard; name = Base; path = Base.lproj/Main.storyboard; sourceTree = "<group>"; };
		BA6E53B02CAD7303003CAC42 /* GoughClassmateFun.xcdatamodel */ = {isa = PBXFileReference; lastKnownFileType = wrapper.xcdatamodel; path = GoughClassmateFun.xcdatamodel; sourceTree = "<group>"; };
		BA6E53B22CAD7305003CAC42 /* Assets.xcassets */ = {isa = PBXFileReference; lastKnownFileType = folder.assetcatalog; path = Assets.xcassets; sourceTree = "<group>"; };
		BA6E53B52CAD7305003CAC42 /* Base */ = {isa = PBXFileReference; lastKnownFileType = file.storyboard; name = Base; path = Base.lproj/LaunchScreen.storyboard; sourceTree = "<group>"; };
		BA6E53B72CAD7305003CAC42 /* Info.plist */ = {isa = PBXFileReference; lastKnownFileType = text.plist.xml; path = Info.plist; sourceTree = "<group>"; };
		BA6E53BD2CAD7359003CAC42 /* Classmate.swift */ = {isa = PBXFileReference; lastKnownFileType = sourcecode.swift; path = Classmate.swift; sourceTree = "<group>"; };
		BAB3BCCC2CB016870070696B /* SecondViewController.swift */ = {isa = PBXFileReference; lastKnownFileType = sourcecode.swift; path = SecondViewController.swift; sourceTree = "<group>"; };
		BACA02492CB95452004823C0 /* ThirdViewController.swift */ = {isa = PBXFileReference; lastKnownFileType = sourcecode.swift; path = ThirdViewController.swift; sourceTree = "<group>"; };
/* End PBXFileReference section */

/* Begin PBXFrameworksBuildPhase section */
		BA6E53A02CAD7303003CAC42 /* Frameworks */ = {
			isa = PBXFrameworksBuildPhase;
			buildActionMask = 2147483647;
			files = (
			);
			runOnlyForDeploymentPostprocessing = 0;
		};
/* End PBXFrameworksBuildPhase section */

/* Begin PBXGroup section */
		BA6E539A2CAD7303003CAC42 = {
			isa = PBXGroup;
			children = (
				BACA02492CB95452004823C0 /* ThirdViewController.swift */,
				BA12E5E72CB80026009DE0DA /* CrazyCell3.swift */,
				BA12E5E52CB7FF7C009DE0DA /* SecondClassmateViewController.swift */,
				BAB3BCCC2CB016870070696B /* SecondViewController.swift */,
				BA6E53A52CAD7303003CAC42 /* GoughClassmateFun */,
				BA6E53A42CAD7303003CAC42 /* Products */,
			);
			sourceTree = "<group>";
		};
		BA6E53A42CAD7303003CAC42 /* Products */ = {
			isa = PBXGroup;
			children = (
				BA6E53A32CAD7303003CAC42 /* GoughClassmateFun.app */,
			);
			name = Products;
			sourceTree = "<group>";
		};
		BA6E53A52CAD7303003CAC42 /* GoughClassmateFun */ = {
			isa = PBXGroup;
			children = (
				BA6E53A62CAD7303003CAC42 /* AppDelegate.swift */,
				BA6E53A82CAD7303003CAC42 /* SceneDelegate.swift */,
				BA6E53AA2CAD7303003CAC42 /* ViewController.swift */,
				BA6E53BD2CAD7359003CAC42 /* Classmate.swift */,
				BA6E53AC2CAD7303003CAC42 /* Main.storyboard */,
				BA6E53B22CAD7305003CAC42 /* Assets.xcassets */,
				BA6E53B42CAD7305003CAC42 /* LaunchScreen.storyboard */,
				BA6E53B72CAD7305003CAC42 /* Info.plist */,
				BA6E53AF2CAD7303003CAC42 /* GoughClassmateFun.xcdatamodeld */,
			);
			path = GoughClassmateFun;
			sourceTree = "<group>";
		};
/* End PBXGroup section */

/* Begin PBXNativeTarget section */
		BA6E53A22CAD7303003CAC42 /* GoughClassmateFun */ = {
			isa = PBXNativeTarget;
			buildConfigurationList = BA6E53BA2CAD7306003CAC42 /* Build configuration list for PBXNativeTarget "GoughClassmateFun" */;
			buildPhases = (
				BA6E539F2CAD7303003CAC42 /* Sources */,
				BA6E53A02CAD7303003CAC42 /* Frameworks */,
				BA6E53A12CAD7303003CAC42 /* Resources */,
			);
			buildRules = (
			);
			dependencies = (
			);
			name = GoughClassmateFun;
			productName = GoughClassmateFun;
			productReference = BA6E53A32CAD7303003CAC42 /* GoughClassmateFun.app */;
			productType = "com.apple.product-type.application";
		};
/* End PBXNativeTarget section */

/* Begin PBXProject section */
		BA6E539B2CAD7303003CAC42 /* Project object */ = {
			isa = PBXProject;
			attributes = {
				BuildIndependentTargetsInParallel = 1;
				LastSwiftUpdateCheck = 1540;
				LastUpgradeCheck = 1540;
				TargetAttributes = {
					BA6E53A22CAD7303003CAC42 = {
						CreatedOnToolsVersion = 15.4;
					};
				};
			};
			buildConfigurationList = BA6E539E2CAD7303003CAC42 /* Build configuration list for PBXProject "GoughClassmateFun" */;
			compatibilityVersion = "Xcode 14.0";
			developmentRegion = en;
			hasScannedForEncodings = 0;
			knownRegions = (
				en,
				Base,
			);
			mainGroup = BA6E539A2CAD7303003CAC42;
			productRefGroup = BA6E53A42CAD7303003CAC42 /* Products */;
			projectDirPath = "";
			projectRoot = "";
			targets = (
				BA6E53A22CAD7303003CAC42 /* GoughClassmateFun */,
			);
		};
/* End PBXProject section */

/* Begin PBXResourcesBuildPhase section */
		BA6E53A12CAD7303003CAC42 /* Resources */ = {
			isa = PBXResourcesBuildPhase;
			buildActionMask = 2147483647;
			files = (
				BA6E53B32CAD7305003CAC42 /* Assets.xcassets in Resources */,
				BA6E53B62CAD7305003CAC42 /* Base in Resources */,
				BA6E53AE2CAD7303003CAC42 /* Base in Resources */,
			);
			runOnlyForDeploymentPostprocessing = 0;
		};
/* End PBXResourcesBuildPhase section */

/* Begin PBXSourcesBuildPhase section */
		BA6E539F2CAD7303003CAC42 /* Sources */ = {
			isa = PBXSourcesBuildPhase;
			buildActionMask = 2147483647;
			files = (
				BAB3BCCD2CB016870070696B /* SecondViewController.swift in Sources */,
				BACA024A2CB95452004823C0 /* ThirdViewController.swift in Sources */,
				BA6E53AB2CAD7303003CAC42 /* ViewController.swift in Sources */,
				BA6E53BE2CAD7359003CAC42 /* Classmate.swift in Sources */,
				BA12E5E62CB7FF7C009DE0DA /* SecondClassmateViewController.swift in Sources */,
				BA6E53A72CAD7303003CAC42 /* AppDelegate.swift in Sources */,
				BA6E53B12CAD7303003CAC42 /* GoughClassmateFun.xcdatamodeld in Sources */,
				BA6E53A92CAD7303003CAC42 /* SceneDelegate.swift in Sources */,
				BA12E5E82CB80026009DE0DA /* CrazyCell3.swift in Sources */,
			);
			runOnlyForDeploymentPostprocessing = 0;
		};
/* End PBXSourcesBuildPhase section */

/* Begin PBXVariantGroup section */
		BA6E53AC2CAD7303003CAC42 /* Main.storyboard */ = {
			isa = PBXVariantGroup;
			children = (
				BA6E53AD2CAD7303003CAC42 /* Base */,
			);
			name = Main.storyboard;
			sourceTree = "<group>";
		};
		BA6E53B42CAD7305003CAC42 /* LaunchScreen.storyboard */ = {
			isa = PBXVariantGroup;
			children = (
				BA6E53B52CAD7305003CAC42 /* Base */,
			);
			name = LaunchScreen.storyboard;
			sourceTree = "<group>";
		};
/* End PBXVariantGroup section */

/* Begin XCBuildConfiguration section */
		BA6E53B82CAD7306003CAC42 /* Debug */ = {
			isa = XCBuildConfiguration;
			buildSettings = {
				ALWAYS_SEARCH_USER_PATHS = NO;
				ASSETCATALOG_COMPILER_GENERATE_SWIFT_ASSET_SYMBOL_EXTENSIONS = YES;
				CLANG_ANALYZER_NONNULL = YES;
				CLANG_ANALYZER_NUMBER_OBJECT_CONVERSION = YES_AGGRESSIVE;
				CLANG_CXX_LANGUAGE_STANDARD = "gnu++20";
				CLANG_ENABLE_MODULES = YES;
				CLANG_ENABLE_OBJC_ARC = YES;
				CLANG_ENABLE_OBJC_WEAK = YES;
				CLANG_WARN_BLOCK_CAPTURE_AUTORELEASING = YES;
				CLANG_WARN_BOOL_CONVERSION = YES;
				CLANG_WARN_COMMA = YES;
				CLANG_WARN_CONSTANT_CONVERSION = YES;
				CLANG_WARN_DEPRECATED_OBJC_IMPLEMENTATIONS = YES;
				CLANG_WARN_DIRECT_OBJC_ISA_USAGE = YES_ERROR;
				CLANG_WARN_DOCUMENTATION_COMMENTS = YES;
				CLANG_WARN_EMPTY_BODY = YES;
				CLANG_WARN_ENUM_CONVERSION = YES;
				CLANG_WARN_INFINITE_RECURSION = YES;
				CLANG_WARN_INT_CONVERSION = YES;
				CLANG_WARN_NON_LITERAL_NULL_CONVERSION = YES;
				CLANG_WARN_OBJC_IMPLICIT_RETAIN_SELF = YES;
				CLANG_WARN_OBJC_LITERAL_CONVERSION = YES;
				CLANG_WARN_OBJC_ROOT_CLASS = YES_ERROR;
				CLANG_WARN_QUOTED_INCLUDE_IN_FRAMEWORK_HEADER = YES;
				CLANG_WARN_RANGE_LOOP_ANALYSIS = YES;
				CLANG_WARN_STRICT_PROTOTYPES = YES;
				CLANG_WARN_SUSPICIOUS_MOVE = YES;
				CLANG_WARN_UNGUARDED_AVAILABILITY = YES_AGGRESSIVE;
				CLANG_WARN_UNREACHABLE_CODE = YES;
				CLANG_WARN__DUPLICATE_METHOD_MATCH = YES;
				COPY_PHASE_STRIP = NO;
				DEBUG_INFORMATION_FORMAT = dwarf;
				ENABLE_STRICT_OBJC_MSGSEND = YES;
				ENABLE_TESTABILITY = YES;
				ENABLE_USER_SCRIPT_SANDBOXING = YES;
				GCC_C_LANGUAGE_STANDARD = gnu17;
				GCC_DYNAMIC_NO_PIC = NO;
				GCC_NO_COMMON_BLOCKS = YES;
				GCC_OPTIMIZATION_LEVEL = 0;
				GCC_PREPROCESSOR_DEFINITIONS = (
					"DEBUG=1",
					"$(inherited)",
				);
				GCC_WARN_64_TO_32_BIT_CONVERSION = YES;
				GCC_WARN_ABOUT_RETURN_TYPE = YES_ERROR;
				GCC_WARN_UNDECLARED_SELECTOR = YES;
				GCC_WARN_UNINITIALIZED_AUTOS = YES_AGGRESSIVE;
				GCC_WARN_UNUSED_FUNCTION = YES;
				GCC_WARN_UNUSED_VARIABLE = YES;
				IPHONEOS_DEPLOYMENT_TARGET = 17.5;
				LOCALIZATION_PREFERS_STRING_CATALOGS = YES;
				MTL_ENABLE_DEBUG_INFO = INCLUDE_SOURCE;
				MTL_FAST_MATH = YES;
				ONLY_ACTIVE_ARCH = YES;
				SDKROOT = iphoneos;
				SWIFT_ACTIVE_COMPILATION_CONDITIONS = "DEBUG $(inherited)";
				SWIFT_OPTIMIZATION_LEVEL = "-Onone";
			};
			name = Debug;
		};
		BA6E53B92CAD7306003CAC42 /* Release */ = {
			isa = XCBuildConfiguration;
			buildSettings = {
				ALWAYS_SEARCH_USER_PATHS = NO;
				ASSETCATALOG_COMPILER_GENERATE_SWIFT_ASSET_SYMBOL_EXTENSIONS = YES;
				CLANG_ANALYZER_NONNULL = YES;
				CLANG_ANALYZER_NUMBER_OBJECT_CONVERSION = YES_AGGRESSIVE;
				CLANG_CXX_LANGUAGE_STANDARD = "gnu++20";
				CLANG_ENABLE_MODULES = YES;
				CLANG_ENABLE_OBJC_ARC = YES;
				CLANG_ENABLE_OBJC_WEAK = YES;
				CLANG_WARN_BLOCK_CAPTURE_AUTORELEASING = YES;
				CLANG_WARN_BOOL_CONVERSION = YES;
				CLANG_WARN_COMMA = YES;
				CLANG_WARN_CONSTANT_CONVERSION = YES;
				CLANG_WARN_DEPRECATED_OBJC_IMPLEMENTATIONS = YES;
				CLANG_WARN_DIRECT_OBJC_ISA_USAGE = YES_ERROR;
				CLANG_WARN_DOCUMENTATION_COMMENTS = YES;
				CLANG_WARN_EMPTY_BODY = YES;
				CLANG_WARN_ENUM_CONVERSION = YES;
				CLANG_WARN_INFINITE_RECURSION = YES;
				CLANG_WARN_INT_CONVERSION = YES;
				CLANG_WARN_NON_LITERAL_NULL_CONVERSION = YES;
				CLANG_WARN_OBJC_IMPLICIT_RETAIN_SELF = YES;
				CLANG_WARN_OBJC_LITERAL_CONVERSION = YES;
				CLANG_WARN_OBJC_ROOT_CLASS = YES_ERROR;
				CLANG_WARN_QUOTED_INCLUDE_IN_FRAMEWORK_HEADER = YES;
				CLANG_WARN_RANGE_LOOP_ANALYSIS = YES;
				CLANG_WARN_STRICT_PROTOTYPES = YES;
				CLANG_WARN_SUSPICIOUS_MOVE = YES;
				CLANG_WARN_UNGUARDED_AVAILABILITY = YES_AGGRESSIVE;
				CLANG_WARN_UNREACHABLE_CODE = YES;
				CLANG_WARN__DUPLICATE_METHOD_MATCH = YES;
				COPY_PHASE_STRIP = NO;
				DEBUG_INFORMATION_FORMAT = "dwarf-with-dsym";
				ENABLE_NS_ASSERTIONS = NO;
				ENABLE_STRICT_OBJC_MSGSEND = YES;
				ENABLE_USER_SCRIPT_SANDBOXING = YES;
				GCC_C_LANGUAGE_STANDARD = gnu17;
				GCC_NO_COMMON_BLOCKS = YES;
				GCC_WARN_64_TO_32_BIT_CONVERSION = YES;
				GCC_WARN_ABOUT_RETURN_TYPE = YES_ERROR;
				GCC_WARN_UNDECLARED_SELECTOR = YES;
				GCC_WARN_UNINITIALIZED_AUTOS = YES_AGGRESSIVE;
				GCC_WARN_UNUSED_FUNCTION = YES;
				GCC_WARN_UNUSED_VARIABLE = YES;
				IPHONEOS_DEPLOYMENT_TARGET = 17.5;
				LOCALIZATION_PREFERS_STRING_CATALOGS = YES;
				MTL_ENABLE_DEBUG_INFO = NO;
				MTL_FAST_MATH = YES;
				SDKROOT = iphoneos;
				SWIFT_COMPILATION_MODE = wholemodule;
				VALIDATE_PRODUCT = YES;
			};
			name = Release;
		};
		BA6E53BB2CAD7306003CAC42 /* Debug */ = {
			isa = XCBuildConfiguration;
			buildSettings = {
				ASSETCATALOG_COMPILER_APPICON_NAME = AppIcon;
				ASSETCATALOG_COMPILER_GLOBAL_ACCENT_COLOR_NAME = AccentColor;
				CODE_SIGN_STYLE = Automatic;
				CURRENT_PROJECT_VERSION = 1;
				DEVELOPMENT_TEAM = G8MY4CG229;
				GENERATE_INFOPLIST_FILE = YES;
				INFOPLIST_FILE = GoughClassmateFun/Info.plist;
				INFOPLIST_KEY_UIApplicationSupportsIndirectInputEvents = YES;
				INFOPLIST_KEY_UILaunchStoryboardName = LaunchScreen;
				INFOPLIST_KEY_UIMainStoryboardFile = Main;
				INFOPLIST_KEY_UISupportedInterfaceOrientations_iPad = "UIInterfaceOrientationPortrait UIInterfaceOrientationPortraitUpsideDown UIInterfaceOrientationLandscapeLeft UIInterfaceOrientationLandscapeRight";
				INFOPLIST_KEY_UISupportedInterfaceOrientations_iPhone = "UIInterfaceOrientationPortrait UIInterfaceOrientationLandscapeLeft UIInterfaceOrientationLandscapeRight";
				LD_RUNPATH_SEARCH_PATHS = (
					"$(inherited)",
					"@executable_path/Frameworks",
				);
				MARKETING_VERSION = 1.0;
				PRODUCT_BUNDLE_IDENTIFIER = clc.GoughClassmateFun6543;
				PRODUCT_NAME = "$(TARGET_NAME)";
				SWIFT_EMIT_LOC_STRINGS = YES;
				SWIFT_VERSION = 5.0;
				TARGETED_DEVICE_FAMILY = "1,2";
			};
			name = Debug;
		};
		BA6E53BC2CAD7306003CAC42 /* Release */ = {
			isa = XCBuildConfiguration;
			buildSettings = {
				ASSETCATALOG_COMPILER_APPICON_NAME = AppIcon;
				ASSETCATALOG_COMPILER_GLOBAL_ACCENT_COLOR_NAME = AccentColor;
				CODE_SIGN_STYLE = Automatic;
				CURRENT_PROJECT_VERSION = 1;
				DEVELOPMENT_TEAM = G8MY4CG229;
				GENERATE_INFOPLIST_FILE = YES;
				INFOPLIST_FILE = GoughClassmateFun/Info.plist;
				INFOPLIST_KEY_UIApplicationSupportsIndirectInputEvents = YES;
				INFOPLIST_KEY_UILaunchStoryboardName = LaunchScreen;
				INFOPLIST_KEY_UIMainStoryboardFile = Main;
				INFOPLIST_KEY_UISupportedInterfaceOrientations_iPad = "UIInterfaceOrientationPortrait UIInterfaceOrientationPortraitUpsideDown UIInterfaceOrientationLandscapeLeft UIInterfaceOrientationLandscapeRight";
				INFOPLIST_KEY_UISupportedInterfaceOrientations_iPhone = "UIInterfaceOrientationPortrait UIInterfaceOrientationLandscapeLeft UIInterfaceOrientationLandscapeRight";
				LD_RUNPATH_SEARCH_PATHS = (
					"$(inherited)",
					"@executable_path/Frameworks",
				);
				MARKETING_VERSION = 1.0;
				PRODUCT_BUNDLE_IDENTIFIER = clc.GoughClassmateFun6543;
				PRODUCT_NAME = "$(TARGET_NAME)";
				SWIFT_EMIT_LOC_STRINGS = YES;
				SWIFT_VERSION = 5.0;
				TARGETED_DEVICE_FAMILY = "1,2";
			};
			name = Release;
		};
/* End XCBuildConfiguration section */

/* Begin XCConfigurationList section */
		BA6E539E2CAD7303003CAC42 /* Build configuration list for PBXProject "GoughClassmateFun" */ = {
			isa = XCConfigurationList;
			buildConfigurations = (
				BA6E53B82CAD7306003CAC42 /* Debug */,
				BA6E53B92CAD7306003CAC42 /* Release */,
			);
			defaultConfigurationIsVisible = 0;
			defaultConfigurationName = Release;
		};
		BA6E53BA2CAD7306003CAC42 /* Build configuration list for PBXNativeTarget "GoughClassmateFun" */ = {
			isa = XCConfigurationList;
			buildConfigurations = (
				BA6E53BB2CAD7306003CAC42 /* Debug */,
				BA6E53BC2CAD7306003CAC42 /* Release */,
			);
			defaultConfigurationIsVisible = 0;
			defaultConfigurationName = Release;
		};
/* End XCConfigurationList section */

/* Begin XCVersionGroup section */
		BA6E53AF2CAD7303003CAC42 /* GoughClassmateFun.xcdatamodeld */ = {
			isa = XCVersionGroup;
			children = (
				BA6E53B02CAD7303003CAC42 /* GoughClassmateFun.xcdatamodel */,
			);
			currentVersion = BA6E53B02CAD7303003CAC42 /* GoughClassmateFun.xcdatamodel */;
			path = GoughClassmateFun.xcdatamodeld;
			sourceTree = "<group>";
			versionGroupType = wrapper.xcdatamodel;
		};
/* End XCVersionGroup section */
	};
	rootObject = BA6E539B2CAD7303003CAC42 /* Project object */;
}
